{
  "name": "@qutejs/polyfill",
  "version": "2.0.0-beta.8",
  "lockfileVersion": 2,
  "requires": true,
  "packages": {
    "": {
      "name": "@qutejs/polyfill",
      "version": "2.0.0-beta.8",
      "license": "MIT",
      "dependencies": {
        "current-script-polyfill": "^1.0.0",
        "promise-polyfill": "^8.1.3"
      }
    },
    "node_modules/current-script-polyfill": {
      "version": "1.0.0",
      "resolved": "https://registry.npmjs.org/current-script-polyfill/-/current-script-polyfill-1.0.0.tgz",
      "integrity": "sha1-8xz35PPiGLBybnOMqSoC00iO9hU="
    },
    "node_modules/promise-polyfill": {
      "version": "8.1.3",
      "resolved": "https://registry.npmjs.org/promise-polyfill/-/promise-polyfill-8.1.3.tgz",
      "integrity": "sha512-MG5r82wBzh7pSKDRa9y+vllNHz3e3d4CNj1PQE4BQYxLme0gKYYBm9YENq+UkEikyZ0XbiGWxYlVw3Rl9O/U8g=="
    }
  },
  "dependencies": {
    "current-script-polyfill": {
      "version": "1.0.0",
      "resolved": "https://registry.npmjs.org/current-script-polyfill/-/current-script-polyfill-1.0.0.tgz",
      "integrity": "sha1-8xz35PPiGLBybnOMqSoC00iO9hU="
    },
    "promise-polyfill": {
      "version": "8.1.3",
      "resolved": "https://registry.npmjs.org/promise-polyfill/-/promise-polyfill-8.1.3.tgz",
      "integrity": "sha512-MG5r82wBzh7pSKDRa9y+vllNHz3e3d4CNj1PQE4BQYxLme0gKYYBm9YENq+UkEikyZ0XbiGWxYlVw3Rl9O/U8g=="
    }
  }
}
