{
  "name": "@qutejs/compiler",
  "version": "2.0.0-beta.4",
  "lockfileVersion": 1,
  "requires": true,
  "dependencies": {
    "magic-string": {
      "version": "0.25.7",
      "resolved": "https://registry.npmjs.org/magic-string/-/magic-string-0.25.7.tgz",
      "integrity": "sha512-4CrMT5DOHTDk4HYDlzmwu4FVCcIYI8gauveasrdCu2IKIFOJ3f0v/8MDGJCDL9oD2ppz/Av1b0Nj345H9M+XIA==",
      "requires": {
        "sourcemap-codec": "^1.4.4"
      }
    },
    "meriyah": {
      "version": "3.1.2",
      "resolved": "https://registry.npmjs.org/meriyah/-/meriyah-3.1.2.tgz",
      "integrity": "sha512-CXPkXT3xdk7KAVdrOV9SDvKUkE8r24aQe4ee/Uj7UJQcoNAS+Bz2QjOpDyrFiLD81GyJ3e5SrKn/125Ow0Ryqg=="
    },
    "sourcemap-codec": {
      "version": "1.4.8",
      "resolved": "https://registry.npmjs.org/sourcemap-codec/-/sourcemap-codec-1.4.8.tgz",
      "integrity": "sha512-9NykojV5Uih4lgo5So5dtw+f0JgJX30KCNI8gwhz2J9A15wD0Ml6tjHKwf6fTSa6fAdVBdZeNOs9eJ71qCk8vA=="
    }
  }
}
